
Microsoft Visual Studio Solution File, Format Version 12.00
# Visual Studio Version 17
VisualStudioVersion = 17.0.31903.59
MinimumVisualStudioVersion = 10.0.40219.1
Project("{9A19103F-16F7-4668-BE54-9A1E7A4F7556}") = "00.AnimatedFrame", "00.AnimatedFrame\00.AnimatedFrame.csproj", "{8DB1DCB5-A0AD-4644-900E-8709A131FF73}"
EndProject
Project("{9A19103F-16F7-4668-BE54-9A1E7A4F7556}") = "01.AnimatedNavigationWindow", "01.AnimatedNavigationWindow\01.AnimatedNavigationWindow.csproj", "{DF6E6EB4-677F-41A5-B0C3-CB6AC928A4CB}"
EndProject
Project("{9A19103F-16F7-4668-BE54-9A1E7A4F7556}") = "02.CustomTitlebarWindow", "02.CustomTitlebarWindow\02.CustomTitlebarWindow.csproj", "{CFF18F6B-E169-47DF-A8A8-830E80465FEB}"
EndProject
Project("{9A19103F-16F7-4668-BE54-9A1E7A4F7556}") = "03.CustomTitlebarAnimatedNavigationWindow", "03.CustomTitlebarAnimatedNavigationWindow\03.CustomTitlebarAnimatedNavigationWindow.csproj", "{EBDD927D-9E32-4185-961C-66C45F62B9B0}"
EndProject
Project("{9A19103F-16F7-4668-BE54-9A1E7A4F7556}") = "04.TransformContentControl", "04.TransformContentControl\04.TransformContentControl.csproj", "{E336F7D6-FE67-4C90-A48E-66C93BBDD462}"
EndProject
Project("{9A19103F-16F7-4668-BE54-9A1E7A4F7556}") = "05.NormalizedTransformContentControl", "05.NormalizedTransformContentControl\05.NormalizedTransformContentControl.csproj", "{54DC7309-E4CC-4EF7-91A6-05C196BBE7EB}"
EndProject
Project("{9A19103F-16F7-4668-BE54-9A1E7A4F7556}") = "06.WindowStateSaveBehavior", "06.WindowStateSaveBehavior\06.WindowStateSaveBehavior.csproj", "{3CDF32B7-49CA-47B9-BA6C-F34F8F7E96EA}"
EndProject
Project("{9A19103F-16F7-4668-BE54-9A1E7A4F7556}") = "07.MessageBoxService", "07.MessageBoxService\07.MessageBoxService.csproj", "{C5A81EA2-DE0B-491B-A460-5FB27F448880}"
EndProject
Project("{9A19103F-16F7-4668-BE54-9A1E7A4F7556}") = "08.AbstractNavigationService", "08.AbstractNavigationService\08.AbstractNavigationService.csproj", "{6944980A-CDED-46A1-AAF0-32613F50317F}"
EndProject
Project("{9A19103F-16F7-4668-BE54-9A1E7A4F7556}") = "09.MainNavigationWindowNavigationService", "09.MainNavigationWindowNavigationService\09.MainNavigationWindowNavigationService.csproj", "{27F9AE2F-9120-497E-B096-407DD6CB3885}"
EndProject
Project("{9A19103F-16F7-4668-BE54-9A1E7A4F7556}") = "10.ApplicationPropertyiesService", "10.ApplicationPropertyiesService\10.ApplicationPropertyiesService.csproj", "{AB996D5F-FF38-4A5F-8B5D-1536D097E917}"
EndProject
Project("{FAE04EC0-301F-11D3-BF4B-00C04F79EFBC}") = "11.NavigatedParamSendBehavior", "11.NavigatedParamSendBehavior\11.NavigatedParamSendBehavior.csproj", "{7E7ECEC2-2811-4D5B-8399-6C0E29B87444}"
EndProject
Global
	GlobalSection(SolutionConfigurationPlatforms) = preSolution
		Debug|Any CPU = Debug|Any CPU
		Release|Any CPU = Release|Any CPU
	EndGlobalSection
	GlobalSection(ProjectConfigurationPlatforms) = postSolution
		{8DB1DCB5-A0AD-4644-900E-8709A131FF73}.Debug|Any CPU.ActiveCfg = Debug|Any CPU
		{8DB1DCB5-A0AD-4644-900E-8709A131FF73}.Debug|Any CPU.Build.0 = Debug|Any CPU
		{8DB1DCB5-A0AD-4644-900E-8709A131FF73}.Release|Any CPU.ActiveCfg = Release|Any CPU
		{8DB1DCB5-A0AD-4644-900E-8709A131FF73}.Release|Any CPU.Build.0 = Release|Any CPU
		{DF6E6EB4-677F-41A5-B0C3-CB6AC928A4CB}.Debug|Any CPU.ActiveCfg = Debug|Any CPU
		{DF6E6EB4-677F-41A5-B0C3-CB6AC928A4CB}.Debug|Any CPU.Build.0 = Debug|Any CPU
		{DF6E6EB4-677F-41A5-B0C3-CB6AC928A4CB}.Release|Any CPU.ActiveCfg = Release|Any CPU
		{DF6E6EB4-677F-41A5-B0C3-CB6AC928A4CB}.Release|Any CPU.Build.0 = Release|Any CPU
		{CFF18F6B-E169-47DF-A8A8-830E80465FEB}.Debug|Any CPU.ActiveCfg = Debug|Any CPU
		{CFF18F6B-E169-47DF-A8A8-830E80465FEB}.Debug|Any CPU.Build.0 = Debug|Any CPU
		{CFF18F6B-E169-47DF-A8A8-830E80465FEB}.Release|Any CPU.ActiveCfg = Release|Any CPU
		{CFF18F6B-E169-47DF-A8A8-830E80465FEB}.Release|Any CPU.Build.0 = Release|Any CPU
		{EBDD927D-9E32-4185-961C-66C45F62B9B0}.Debug|Any CPU.ActiveCfg = Debug|Any CPU
		{EBDD927D-9E32-4185-961C-66C45F62B9B0}.Debug|Any CPU.Build.0 = Debug|Any CPU
		{EBDD927D-9E32-4185-961C-66C45F62B9B0}.Release|Any CPU.ActiveCfg = Release|Any CPU
		{EBDD927D-9E32-4185-961C-66C45F62B9B0}.Release|Any CPU.Build.0 = Release|Any CPU
		{E336F7D6-FE67-4C90-A48E-66C93BBDD462}.Debug|Any CPU.ActiveCfg = Debug|Any CPU
		{E336F7D6-FE67-4C90-A48E-66C93BBDD462}.Debug|Any CPU.Build.0 = Debug|Any CPU
		{E336F7D6-FE67-4C90-A48E-66C93BBDD462}.Release|Any CPU.ActiveCfg = Release|Any CPU
		{E336F7D6-FE67-4C90-A48E-66C93BBDD462}.Release|Any CPU.Build.0 = Release|Any CPU
		{54DC7309-E4CC-4EF7-91A6-05C196BBE7EB}.Debug|Any CPU.ActiveCfg = Debug|Any CPU
		{54DC7309-E4CC-4EF7-91A6-05C196BBE7EB}.Debug|Any CPU.Build.0 = Debug|Any CPU
		{54DC7309-E4CC-4EF7-91A6-05C196BBE7EB}.Release|Any CPU.ActiveCfg = Release|Any CPU
		{54DC7309-E4CC-4EF7-91A6-05C196BBE7EB}.Release|Any CPU.Build.0 = Release|Any CPU
		{3CDF32B7-49CA-47B9-BA6C-F34F8F7E96EA}.Debug|Any CPU.ActiveCfg = Debug|Any CPU
		{3CDF32B7-49CA-47B9-BA6C-F34F8F7E96EA}.Debug|Any CPU.Build.0 = Debug|Any CPU
		{3CDF32B7-49CA-47B9-BA6C-F34F8F7E96EA}.Release|Any CPU.ActiveCfg = Release|Any CPU
		{3CDF32B7-49CA-47B9-BA6C-F34F8F7E96EA}.Release|Any CPU.Build.0 = Release|Any CPU
		{C5A81EA2-DE0B-491B-A460-5FB27F448880}.Debug|Any CPU.ActiveCfg = Debug|Any CPU
		{C5A81EA2-DE0B-491B-A460-5FB27F448880}.Debug|Any CPU.Build.0 = Debug|Any CPU
		{C5A81EA2-DE0B-491B-A460-5FB27F448880}.Release|Any CPU.ActiveCfg = Release|Any CPU
		{C5A81EA2-DE0B-491B-A460-5FB27F448880}.Release|Any CPU.Build.0 = Release|Any CPU
		{6944980A-CDED-46A1-AAF0-32613F50317F}.Debug|Any CPU.ActiveCfg = Debug|Any CPU
		{6944980A-CDED-46A1-AAF0-32613F50317F}.Debug|Any CPU.Build.0 = Debug|Any CPU
		{6944980A-CDED-46A1-AAF0-32613F50317F}.Release|Any CPU.ActiveCfg = Release|Any CPU
		{6944980A-CDED-46A1-AAF0-32613F50317F}.Release|Any CPU.Build.0 = Release|Any CPU
		{27F9AE2F-9120-497E-B096-407DD6CB3885}.Debug|Any CPU.ActiveCfg = Debug|Any CPU
		{27F9AE2F-9120-497E-B096-407DD6CB3885}.Debug|Any CPU.Build.0 = Debug|Any CPU
		{27F9AE2F-9120-497E-B096-407DD6CB3885}.Release|Any CPU.ActiveCfg = Release|Any CPU
		{27F9AE2F-9120-497E-B096-407DD6CB3885}.Release|Any CPU.Build.0 = Release|Any CPU
		{AB996D5F-FF38-4A5F-8B5D-1536D097E917}.Debug|Any CPU.ActiveCfg = Debug|Any CPU
		{AB996D5F-FF38-4A5F-8B5D-1536D097E917}.Debug|Any CPU.Build.0 = Debug|Any CPU
		{AB996D5F-FF38-4A5F-8B5D-1536D097E917}.Release|Any CPU.ActiveCfg = Release|Any CPU
		{AB996D5F-FF38-4A5F-8B5D-1536D097E917}.Release|Any CPU.Build.0 = Release|Any CPU
		{7E7ECEC2-2811-4D5B-8399-6C0E29B87444}.Debug|Any CPU.ActiveCfg = Debug|Any CPU
		{7E7ECEC2-2811-4D5B-8399-6C0E29B87444}.Debug|Any CPU.Build.0 = Debug|Any CPU
		{7E7ECEC2-2811-4D5B-8399-6C0E29B87444}.Release|Any CPU.ActiveCfg = Release|Any CPU
		{7E7ECEC2-2811-4D5B-8399-6C0E29B87444}.Release|Any CPU.Build.0 = Release|Any CPU
	EndGlobalSection
	GlobalSection(SolutionProperties) = preSolution
		HideSolutionNode = FALSE
	EndGlobalSection
	GlobalSection(ExtensibilityGlobals) = postSolution
		SolutionGuid = {39E9E629-C9C5-48C0-9880-C3ECC88A87E9}
	EndGlobalSection
EndGlobal
